
Microsoft Visual Studio Solution File, Format Version 12.00
# Visual Studio Version 16
VisualStudioVersion = 16.0.31321.278
MinimumVisualStudioVersion = 10.0.40219.1
Project("{FAE04EC0-301F-11D3-BF4B-00C04F79EFBC}") = "DivideTwoIntegers", "DivideTwoIntegers\DivideTwoIntegers.csproj", "{6F9D43A3-C969-476A-88AE-3D24C78B4926}"
EndProject
Project("{FAE04EC0-301F-11D3-BF4B-00C04F79EFBC}") = "Tests", "Tests\Tests.csproj", "{FCC4DE1E-82D6-4C73-895A-E5F94953BFCD}"
EndProject
Global
	GlobalSection(SolutionConfigurationPlatforms) = preSolution
		Debug|Any CPU = Debug|Any CPU
		Release|Any CPU = Release|Any CPU
	EndGlobalSection
	GlobalSection(ProjectConfigurationPlatforms) = postSolution
		{6F9D43A3-C969-476A-88AE-3D24C78B4926}.Debug|Any CPU.ActiveCfg = Debug|Any CPU
		{6F9D43A3-C969-476A-88AE-3D24C78B4926}.Debug|Any CPU.Build.0 = Debug|Any CPU
		{6F9D43A3-C969-476A-88AE-3D24C78B4926}.Release|Any CPU.ActiveCfg = Release|Any CPU
		{6F9D43A3-C969-476A-88AE-3D24C78B4926}.Release|Any CPU.Build.0 = Release|Any CPU
		{FCC4DE1E-82D6-4C73-895A-E5F94953BFCD}.Debug|Any CPU.ActiveCfg = Debug|Any CPU
		{FCC4DE1E-82D6-4C73-895A-E5F94953BFCD}.Debug|Any CPU.Build.0 = Debug|Any CPU
		{FCC4DE1E-82D6-4C73-895A-E5F94953BFCD}.Release|Any CPU.ActiveCfg = Release|Any CPU
		{FCC4DE1E-82D6-4C73-895A-E5F94953BFCD}.Release|Any CPU.Build.0 = Release|Any CPU
	EndGlobalSection
	GlobalSection(SolutionProperties) = preSolution
		HideSolutionNode = FALSE
	EndGlobalSection
	GlobalSection(ExtensibilityGlobals) = postSolution
		SolutionGuid = {4BBBCC5D-7137-4E65-B3E3-C75067879E56}
	EndGlobalSection
EndGlobal
